
Microsoft Visual Studio Solution File, Format Version 12.00
# Visual Studio Version 17
VisualStudioVersion = 17.0.31903.59
MinimumVisualStudioVersion = 10.0.40219.1
Project("{FAE04EC0-301F-11D3-BF4B-00C04F79EFBC}") = "GdCcT", "GdCcT.csproj", "{01CCA111-6FED-4CEA-8B20-CD049233AC50}"
EndProject
Project("{2150E333-8FDC-42A3-9474-1A3956D46DE8}") = "tests", "tests", "{0AB3BF05-4346-4AA6-1389-037BE0695223}"
EndProject
Project("{2150E333-8FDC-42A3-9474-1A3956D46DE8}") = "sim", "sim", "{7318FB4B-3782-37A6-86C6-C787C5036D9F}"
EndProject
Project("{FAE04EC0-301F-11D3-BF4B-00C04F79EFBC}") = "EndlessSky.SimTests", "tests\sim\EndlessSky.SimTests.csproj", "{DFA77DE1-4B28-4C9E-8C9E-0B562F0A7FA3}"
EndProject
Global
	GlobalSection(SolutionConfigurationPlatforms) = preSolution
		Debug|Any CPU = Debug|Any CPU
		Debug|x64 = Debug|x64
		Debug|x86 = Debug|x86
		Release|Any CPU = Release|Any CPU
		Release|x64 = Release|x64
		Release|x86 = Release|x86
	EndGlobalSection
	GlobalSection(ProjectConfigurationPlatforms) = postSolution
		{01CCA111-6FED-4CEA-8B20-CD049233AC50}.Debug|Any CPU.ActiveCfg = Debug|Any CPU
		{01CCA111-6FED-4CEA-8B20-CD049233AC50}.Debug|Any CPU.Build.0 = Debug|Any CPU
		{01CCA111-6FED-4CEA-8B20-CD049233AC50}.Debug|x64.ActiveCfg = Debug|Any CPU
		{01CCA111-6FED-4CEA-8B20-CD049233AC50}.Debug|x64.Build.0 = Debug|Any CPU
		{01CCA111-6FED-4CEA-8B20-CD049233AC50}.Debug|x86.ActiveCfg = Debug|Any CPU
		{01CCA111-6FED-4CEA-8B20-CD049233AC50}.Debug|x86.Build.0 = Debug|Any CPU
		{01CCA111-6FED-4CEA-8B20-CD049233AC50}.Release|Any CPU.ActiveCfg = Debug|Any CPU
		{01CCA111-6FED-4CEA-8B20-CD049233AC50}.Release|Any CPU.Build.0 = Debug|Any CPU
		{01CCA111-6FED-4CEA-8B20-CD049233AC50}.Release|x64.ActiveCfg = Debug|Any CPU
		{01CCA111-6FED-4CEA-8B20-CD049233AC50}.Release|x64.Build.0 = Debug|Any CPU
		{01CCA111-6FED-4CEA-8B20-CD049233AC50}.Release|x86.ActiveCfg = Debug|Any CPU
		{01CCA111-6FED-4CEA-8B20-CD049233AC50}.Release|x86.Build.0 = Debug|Any CPU
		{DFA77DE1-4B28-4C9E-8C9E-0B562F0A7FA3}.Debug|Any CPU.ActiveCfg = Debug|Any CPU
		{DFA77DE1-4B28-4C9E-8C9E-0B562F0A7FA3}.Debug|Any CPU.Build.0 = Debug|Any CPU
		{DFA77DE1-4B28-4C9E-8C9E-0B562F0A7FA3}.Debug|x64.ActiveCfg = Debug|Any CPU
		{DFA77DE1-4B28-4C9E-8C9E-0B562F0A7FA3}.Debug|x64.Build.0 = Debug|Any CPU
		{DFA77DE1-4B28-4C9E-8C9E-0B562F0A7FA3}.Debug|x86.ActiveCfg = Debug|Any CPU
		{DFA77DE1-4B28-4C9E-8C9E-0B562F0A7FA3}.Debug|x86.Build.0 = Debug|Any CPU
		{DFA77DE1-4B28-4C9E-8C9E-0B562F0A7FA3}.Release|Any CPU.ActiveCfg = Release|Any CPU
		{DFA77DE1-4B28-4C9E-8C9E-0B562F0A7FA3}.Release|Any CPU.Build.0 = Release|Any CPU
		{DFA77DE1-4B28-4C9E-8C9E-0B562F0A7FA3}.Release|x64.ActiveCfg = Release|Any CPU
		{DFA77DE1-4B28-4C9E-8C9E-0B562F0A7FA3}.Release|x64.Build.0 = Release|Any CPU
		{DFA77DE1-4B28-4C9E-8C9E-0B562F0A7FA3}.Release|x86.ActiveCfg = Release|Any CPU
		{DFA77DE1-4B28-4C9E-8C9E-0B562F0A7FA3}.Release|x86.Build.0 = Release|Any CPU
	EndGlobalSection
	GlobalSection(SolutionProperties) = preSolution
		HideSolutionNode = FALSE
	EndGlobalSection
	GlobalSection(NestedProjects) = preSolution
		{7318FB4B-3782-37A6-86C6-C787C5036D9F} = {0AB3BF05-4346-4AA6-1389-037BE0695223}
		{DFA77DE1-4B28-4C9E-8C9E-0B562F0A7FA3} = {7318FB4B-3782-37A6-86C6-C787C5036D9F}
	EndGlobalSection
EndGlobal
